DEPENDENCIES
  apt
    git: git://github.com/opscode-cookbooks/apt.git
    revision: 7a4ff0d22900aabd3990a9eece58fdc416f94cf9
  build-essential
    git: git://github.com/opscode-cookbooks/build-essential.git
    revision: 6873c515b058a0419909503cbeb2b6ab933c2e61
  chef-solo-search
    git: git://github.com/edelight/chef-solo-search.git
    revision: 72bd5e3507056e5c931ee0cf7516ce1bfbce6d51
  fail2ban
    git: git://github.com/opscode-cookbooks/fail2ban.git
    revision: a1cb779e0ddc401288d24176d97e7413358641e0
  hostnames
    git: git://github.com/nathantsoi/chef-cookbook-hostname.git
    revision: 414c91613c114eb3ce9bc342561baef83d399a38
  locales
    git: git://github.com/phbergsmann/chef-locales.git
    revision: 5ad79628e627a66edf028fe55fa7c92d26687cf0
  look_and_feel-tlq
    git: git://github.com/TalkingQuickly/look_and_feel-tlq.git
    revision: 214b18d5266909721e85fe3acac4f7c926a0c609
  memcached
    git: git://github.com/opscode-cookbooks/memcached.git
    revision: ee5014e4ac56bac4ca92bafb8dc0ee77dc8b2527
  mongodb
    git: git://github.com/edelight/chef-mongodb.git
    revision: dc5836318a27331f605f264d946931927dd26bb8
  monit-tlq
    git: git://github.com/kosbrother/monit-tlq.git
    revision: 500bd61c61784957fd3f9a4d281a89cb5b4990f5
    branch: master
  monit_configs-tlq
    git: git://github.com/TalkingQuickly/monit_configs-tlq.git
    revision: c10ee522a69db1ec48672a2b1c8a42ae92e027e1
    branch: master
  mysql
    git: git://github.com/opscode-cookbooks/mysql.git
    revision: e463855af7abba5712249d38bba378c92f8d97f4
  nginx
    git: git://github.com/miketheman/nginx.git
    revision: e36944b0dac1f21044a4f0d01fc566023325cfde
  ntp
    git: git://github.com/gmiranda23/ntp.git
    revision: 95bec55b5b895c370e63aef2c5aef2d2ca6abc89
  openssh
    git: git://github.com/opscode-cookbooks/openssh.git
    revision: 96108874f794ef929419985f76d57d61511605b5
  postgresql
    git: git://github.com/opscode-cookbooks/postgresql.git
    revision: 6584a0c05572b52992723705a4afc827e63016ba
  rails_gem_dependencies-tlq
    git: git://github.com/TalkingQuickly/rails_gem_dependencies-tlq.git
    revision: f62ff22492dd9a2c31cd856de176c19f0fbe2d73
  redis-server
    git: git://github.com/TalkingQuickly/redis-server.git
    revision: a8cf2367505d543a0601db572b90ff30d693f202
  ruby_rbenv
    git: git://github.com/fnichol/chef-rbenv.git
    revision: e8efda4649b843c6ef60a8cfe32794d3f52bd612
  sudo
    git: git://github.com/opscode-cookbooks/sudo.git
    revision: 4e0c8f3626b0841dccaca6c2dc8f85b0f8ddcdb4
  ufw
    git: git://github.com/kosbrother/ufw.git
    revision: bd32ded8f866b03067f5b4e21bf658563e9ab62e
  users
    git: git://github.com/opscode-cookbooks/users.git
    revision: dc8419fd50c8edd35cd2cd017c0057cd81dd822f

GRAPH
  apt (2.9.2)
  bluepill (2.4.1)
    rsyslog (~> 2.0)
  build-essential (2.2.4)
  chef-solo-search (0.5.2)
  chef-sugar (3.2.0)
  compat_resource (12.5.19)
  fail2ban (2.3.1)
    yum-epel (>= 0.0.0)
  firewall (1.6.1)
    poise (~> 2.0)
  hostnames (0.3.6)
    hostsfile (>= 0.0.0)
  hostsfile (2.4.5)
  iptables (1.1.0)
  java (1.36.0)
    apt (>= 0.0.0)
  locales (0.3.1)
  look_and_feel-tlq (0.0.5)
    locales (>= 0.0.0)
  memcached (2.0.2)
    compat_resource (>= 0.0.0)
    runit (~> 1.0)
    yum-epel (>= 0.0.0)
  mongodb (0.16.3)
    apt (>= 1.8.2)
    python (>= 0.0.0)
    yum (>= 3.0.0)
  monit-tlq (0.3.11)
  monit_configs-tlq (0.1.2)
  mysql (6.1.2)
    smf (>= 0.0.0)
    yum-mysql-community (>= 0.0.0)
  nginx (2.7.6)
    apt (~> 2.2)
    bluepill (~> 2.3)
    build-essential (~> 2.0)
    ohai (~> 2.0)
    runit (~> 1.2)
    yum-epel (~> 0.3)
  ntp (1.8.6)
  ohai (2.0.4)
  openssh (1.5.2)
    iptables (~> 1.0)
  openssl (4.4.0)
    chef-sugar (>= 3.1.1)
  packagecloud (0.1.1)
  poise (2.4.0)
  postgresql (3.4.24)
    apt (>= 1.9.0)
    build-essential (>= 0.0.0)
    openssl (~> 4.0)
  python (1.4.6)
    build-essential (>= 0.0.0)
    yum-epel (>= 0.0.0)
  rails_gem_dependencies-tlq (0.0.3)
    apt (>= 0.0.0)
  rbac (1.0.3)
  redis-server (0.1.1)
    apt (>= 0.0.0)
  rsyslog (2.2.0)
  ruby_build (0.8.0)
  ruby_rbenv (1.0.1)
    java (> 1.4.0)
    ruby_build (>= 0.0.0)
  runit (1.7.4)
    packagecloud (>= 0.0.0)
  smf (2.2.7)
    rbac (>= 1.0.1)
  sudo (2.7.2)
  ufw (0.7.5)
    firewall (< 2.0.0)
  users (1.8.3)
  yum (3.8.2)
  yum-epel (0.6.5)
    yum (~> 3.2)
  yum-mysql-community (0.1.21)
    yum (>= 3.2)
